<?xml version="1.0" encoding="utf-8"?>
<Project ToolsVersion="4.0" xmlns="http://schemas.microsoft.com/developer/msbuild/2003">
  <ItemGroup>
    <Filter Include="源文件">
      <UniqueIdentifier>{4FC737F1-C7A5-4376-A066-2A32D752A2FF}</UniqueIdentifier>
      <Extensions>cpp;c;cc;cxx;def;odl;idl;hpj;bat;asm;asmx</Extensions>
    </Filter>
    <Filter Include="头文件">
      <UniqueIdentifier>{93995380-89BD-4b04-88EB-625FBE52EBFB}</UniqueIdentifier>
      <Extensions>h;hpp;hxx;hm;inl;inc;xsd</Extensions>
    </Filter>
    <Filter Include="资源文件">
      <UniqueIdentifier>{67DA6AB6-F800-4c08-8B7A-83BB121AAD01}</UniqueIdentifier>
      <Extensions>rc;ico;cur;bmp;dlg;rc2;rct;bin;rgs;gif;jpg;jpeg;jpe;resx;tiff;tif;png;wav;mfcribbon-ms</Extensions>
    </Filter>
    <Filter Include="头文件\lexical">
      <UniqueIdentifier>{de274d63-1e6f-4c59-9077-008a9c1cf1d9}</UniqueIdentifier>
    </Filter>
    <Filter Include="源文件\lexical">
      <UniqueIdentifier>{11829444-79be-4ab1-812b-8f6029261428}</UniqueIdentifier>
    </Filter>
    <Filter Include="源文件\test">
      <UniqueIdentifier>{c3866f66-86b1-45e6-a38c-d76b0014bfb1}</UniqueIdentifier>
    </Filter>
    <Filter Include="头文件\syntax">
      <UniqueIdentifier>{d749fa45-4079-47b9-bc77-11dbc6aed0d4}</UniqueIdentifier>
    </Filter>
    <Filter Include="源文件\test_code">
      <UniqueIdentifier>{807c4190-905c-4717-906a-e42cf736da92}</UniqueIdentifier>
    </Filter>
    <Filter Include="头文件\symbol">
      <UniqueIdentifier>{61aa9d3e-bd42-470e-85f0-c9c8b85d0ad9}</UniqueIdentifier>
    </Filter>
    <Filter Include="源文件\symbol">
      <UniqueIdentifier>{8763c51f-3b18-42e5-9830-59eb4bbaf3cc}</UniqueIdentifier>
    </Filter>
    <Filter Include="源文件\syntax">
      <UniqueIdentifier>{b598c050-e893-449d-926f-eb7a472ff871}</UniqueIdentifier>
    </Filter>
  </ItemGroup>
  <ItemGroup>
    <None Include="lexer_test3.txt">
      <Filter>源文件\test_code</Filter>
    </None>
    <None Include="lexer_test2.txt">
      <Filter>源文件\test_code</Filter>
    </None>
    <None Include="lexer_test1.txt">
      <Filter>源文件\test_code</Filter>
    </None>
    <None Include="requirements.txt" />
    <None Include="const_def_test1.txt">
      <Filter>源文件\test_code</Filter>
    </None>
    <None Include="var_def_test1.txt">
      <Filter>源文件\test_code</Filter>
    </None>
    <None Include="lexer_test4.txt">
      <Filter>源文件\test_code</Filter>
    </None>
    <None Include="lexer_test_submit.txt">
      <Filter>源文件\test_code</Filter>
    </None>
    <None Include="const_var_err_test2.txt">
      <Filter>源文件\test_code</Filter>
    </None>
  </ItemGroup>
  <ItemGroup>
    <ClInclude Include="stdafx.h">
      <Filter>头文件</Filter>
    </ClInclude>
    <ClInclude Include="targetver.h">
      <Filter>头文件</Filter>
    </ClInclude>
    <ClInclude Include="lexer.h">
      <Filter>头文件\lexical</Filter>
    </ClInclude>
    <ClInclude Include="token.h">
      <Filter>头文件\lexical</Filter>
    </ClInclude>
    <ClInclude Include="syntax.h">
      <Filter>头文件\syntax</Filter>
    </ClInclude>
    <ClInclude Include="symbol_table.h">
      <Filter>头文件\symbol</Filter>
    </ClInclude>
    <ClInclude Include="symbol.h">
      <Filter>头文件\symbol</Filter>
    </ClInclude>
    <ClInclude Include="hash_utils.h">
      <Filter>头文件\symbol</Filter>
    </ClInclude>
    <ClInclude Include="lexical_error.h">
      <Filter>头文件\lexical</Filter>
    </ClInclude>
    <ClInclude Include="syntax_error.h">
      <Filter>头文件\syntax</Filter>
    </ClInclude>
  </ItemGroup>
  <ItemGroup>
    <ClCompile Include="stdafx.cpp">
      <Filter>源文件</Filter>
    </ClCompile>
    <ClCompile Include="C0Compiler.cpp">
      <Filter>源文件</Filter>
    </ClCompile>
    <ClCompile Include="lexer.cpp">
      <Filter>源文件\lexical</Filter>
    </ClCompile>
    <ClCompile Include="token.cpp">
      <Filter>源文件\lexical</Filter>
    </ClCompile>
    <ClCompile Include="lexer_test.cpp">
      <Filter>源文件\test</Filter>
    </ClCompile>
    <ClCompile Include="symbol_table_test.cpp">
      <Filter>源文件\test</Filter>
    </ClCompile>
    <ClCompile Include="symbol_table.cpp">
      <Filter>源文件\symbol</Filter>
    </ClCompile>
    <ClCompile Include="symbol.cpp">
      <Filter>源文件\symbol</Filter>
    </ClCompile>
    <ClCompile Include="const_def.cpp">
      <Filter>源文件\syntax</Filter>
    </ClCompile>
    <ClCompile Include="syntax.cpp">
      <Filter>源文件\syntax</Filter>
    </ClCompile>
    <ClCompile Include="const.cpp">
      <Filter>源文件\syntax</Filter>
    </ClCompile>
    <ClCompile Include="const_def_test.cpp">
      <Filter>源文件\test</Filter>
    </ClCompile>
    <ClCompile Include="var_def.cpp">
      <Filter>源文件\syntax</Filter>
    </ClCompile>
    <ClCompile Include="var_def_test.cpp">
      <Filter>源文件\test</Filter>
    </ClCompile>
    <ClCompile Include="lexical_error.cpp">
      <Filter>源文件\lexical</Filter>
    </ClCompile>
    <ClCompile Include="syntax_error.cpp">
      <Filter>源文件\syntax</Filter>
    </ClCompile>
    <ClCompile Include="retract_token_test.cpp">
      <Filter>源文件\test</Filter>
    </ClCompile>
  </ItemGroup>
</Project>